{
    "_readme": [
        "This file locks the dependencies of your project to a known state",
        "Read more about it at https://getcomposer.org/doc/01-basic-usage.md#installing-dependencies",
        "This file is @generated automatically"
    ],
    "content-hash": "8d509d9293f473f5d660406bf7080212",
    "packages": [
        {
            "name": "jankx/admin",
            "version": "dev-master",
            "source": {
                "type": "git",
                "url": "https://github.com/jankx/admin.git",
                "reference": "7eff8e4fd8ff2ed3d87535a680250e8a0ac08d20"
            },
            "dist": {
                "type": "zip",
                "url": "https://api.github.com/repos/jankx/admin/zipball/7eff8e4fd8ff2ed3d87535a680250e8a0ac08d20",
                "reference": "7eff8e4fd8ff2ed3d87535a680250e8a0ac08d20",
                "shasum": ""
            },
            "type": "library",
            "autoload": {
                "psr-4": {
                    "Jankx\\Admin\\": "src/"
                }
            },
            "notification-url": "https://packagist.org/downloads/",
            "license": [
                "MIT"
            ],
            "authors": [
                {
                    "name": "Puleeno Nguyen",
                    "email": "puleeno@gmail.com"
                }
            ],
            "description": "The Jankx admin framework is a partial of Jankx theme framework",
            "time": "2019-08-17T04:31:36+00:00"
        },
        {
            "name": "jankx/asset",
            "version": "dev-master",
            "source": {
                "type": "git",
                "url": "https://github.com/jankx/asset.git",
                "reference": "ba620c8cdec831adc2fafbcdf34afa00f2312fb1"
            },
            "dist": {
                "type": "zip",
                "url": "https://api.github.com/repos/jankx/asset/zipball/ba620c8cdec831adc2fafbcdf34afa00f2312fb1",
                "reference": "ba620c8cdec831adc2fafbcdf34afa00f2312fb1",
                "shasum": ""
            },
            "type": "library",
            "autoload": {
                "psr-4": {
                    "Jankx\\Asset\\": "src/"
                }
            },
            "notification-url": "https://packagist.org/downloads/",
            "license": [
                "MIT"
            ],
            "authors": [
                {
                    "name": "Puleeno Nguyen",
                    "email": "puleeno@gmail.com"
                }
            ],
            "description": "Jankx Assets is used to manage CSS, JS, libraries with beautiful syntax",
            "time": "2020-04-12T10:16:21+00:00"
        },
        {
            "name": "jankx/command",
            "version": "dev-master",
            "source": {
                "type": "git",
                "url": "https://github.com/jankx/command.git",
                "reference": "43683f035a609e3379e0c548360d5476bf345f22"
            },
            "dist": {
                "type": "zip",
                "url": "https://api.github.com/repos/jankx/command/zipball/43683f035a609e3379e0c548360d5476bf345f22",
                "reference": "43683f035a609e3379e0c548360d5476bf345f22",
                "shasum": ""
            },
            "type": "library",
            "autoload": {
                "psr-4": {
                    "Jankx\\Command\\": "src/"
                }
            },
            "notification-url": "https://packagist.org/downloads/",
            "license": [
                "MIT"
            ],
            "authors": [
                {
                    "name": "Puleeno Nguyen",
                    "email": "puleeno@gmail.com"
                }
            ],
            "description": "You love WP CLI and usually use it to manage WordPress. So you will love Jankx CLI for WP CLI too",
            "time": "2019-10-18T13:51:25+00:00"
        },
        {
            "name": "jankx/core",
            "version": "dev-master",
            "source": {
                "type": "git",
                "url": "https://github.com/jankx/core.git",
                "reference": "fea9106907841b04715aa141b2c7bfbdb77521b2"
            },
            "dist": {
                "type": "zip",
                "url": "https://api.github.com/repos/jankx/core/zipball/fea9106907841b04715aa141b2c7bfbdb77521b2",
                "reference": "fea9106907841b04715aa141b2c7bfbdb77521b2",
                "shasum": ""
            },
            "require": {
                "jankx/admin": "dev-master",
                "jankx/asset": "dev-master",
                "jankx/helpers": "dev-master",
                "jankx/option": "dev-master",
                "jankx/template": "dev-master",
                "jankx/ui-framework": "dev-master"
            },
            "type": "library",
            "autoload": {
                "psr-4": {
                    "": "src/"
                },
                "files": [
                    "framework.php"
                ]
            },
            "notification-url": "https://packagist.org/downloads/",
            "license": [
                "MIT"
            ],
            "authors": [
                {
                    "name": "Puleeno Nguyen",
                    "email": "puleeno@gmail.com"
                }
            ],
            "description": "This is the core of Jankx theme framework and is also usable on its own as embed framework",
            "time": "2020-03-29T15:02:55+00:00"
        },
        {
            "name": "jankx/helpers",
            "version": "dev-master",
            "source": {
                "type": "git",
                "url": "https://github.com/jankx/helpers.git",
                "reference": "98e5c06724d07de99679d554b499a9cf54e2224a"
            },
            "dist": {
                "type": "zip",
                "url": "https://api.github.com/repos/jankx/helpers/zipball/98e5c06724d07de99679d554b499a9cf54e2224a",
                "reference": "98e5c06724d07de99679d554b499a9cf54e2224a",
                "shasum": ""
            },
            "type": "library",
            "autoload": {
                "files": [
                    "src/helpers.php"
                ]
            },
            "notification-url": "https://packagist.org/downloads/",
            "license": [
                "MIT"
            ],
            "authors": [
                {
                    "name": "Puleeno Nguyen",
                    "email": "puleeno@gmail.com"
                }
            ],
            "description": "The helpers for Jankx Framework",
            "time": "2020-04-14T00:56:23+00:00"
        },
        {
            "name": "jankx/option",
            "version": "dev-master",
            "source": {
                "type": "git",
                "url": "https://github.com/jankx/option.git",
                "reference": "35772d23a6acede520260d86bbb6e6c726dfe7e2"
            },
            "dist": {
                "type": "zip",
                "url": "https://api.github.com/repos/jankx/option/zipball/35772d23a6acede520260d86bbb6e6c726dfe7e2",
                "reference": "35772d23a6acede520260d86bbb6e6c726dfe7e2",
                "shasum": ""
            },
            "type": "library",
            "autoload": {
                "psr-4": {
                    "Jankx\\Option\\": "src/"
                }
            },
            "notification-url": "https://packagist.org/downloads/",
            "license": [
                "MIT"
            ],
            "authors": [
                {
                    "name": "Puleeno Nguyen",
                    "email": "puleeno@gmail.com"
                }
            ],
            "description": "Jankx options usable to create the theme, add-on options integrate with your loved option frameworks",
            "time": "2019-10-26T03:24:13+00:00"
        },
        {
            "name": "jankx/pagination",
            "version": "dev-master",
            "source": {
                "type": "git",
                "url": "https://github.com/jankx/pagination.git",
                "reference": "4cdc6e4fe3d5de6c70867b38c44ea1589b80ed49"
            },
            "dist": {
                "type": "zip",
                "url": "https://api.github.com/repos/jankx/pagination/zipball/4cdc6e4fe3d5de6c70867b38c44ea1589b80ed49",
                "reference": "4cdc6e4fe3d5de6c70867b38c44ea1589b80ed49",
                "shasum": ""
            },
            "type": "library",
            "autoload": {
                "psr-4": {
                    "Jankx\\Pagination\\": "src/"
                }
            },
            "notification-url": "https://packagist.org/downloads/",
            "license": [
                "MIT"
            ],
            "authors": [
                {
                    "name": "Puleeno Nguyen",
                    "email": "puleeno@gmail.com"
                }
            ],
            "description": "The WordPress pagination support multi styles: number, infinite loop, load more",
            "time": "2019-12-28T11:18:59+00:00"
        },
        {
            "name": "jankx/post-layout",
            "version": "dev-master",
            "source": {
                "type": "git",
                "url": "https://github.com/jankx/post-layout.git",
                "reference": "99983e3c05183eab7c096218afa3a14c2ef01394"
            },
            "dist": {
                "type": "zip",
                "url": "https://api.github.com/repos/jankx/post-layout/zipball/99983e3c05183eab7c096218afa3a14c2ef01394",
                "reference": "99983e3c05183eab7c096218afa3a14c2ef01394",
                "shasum": ""
            },
            "require": {
                "jankx/template": "dev-master"
            },
            "type": "library",
            "autoload": {
                "psr-4": {
                    "Jankx\\PostLayout\\": "src/"
                }
            },
            "notification-url": "https://packagist.org/downloads/",
            "license": [
                "MIT"
            ],
            "authors": [
                {
                    "name": "Puleeno Nguyen",
                    "email": "puleeno@gmail.com"
                }
            ],
            "description": "WordPress post and custom post type layout generator",
            "time": "2020-02-25T15:30:03+00:00"
        },
        {
            "name": "jankx/site-layout",
            "version": "dev-master",
            "source": {
                "type": "git",
                "url": "https://github.com/jankx/site-layout.git",
                "reference": "52f67effd6a7e16e95242df8c99b16b554e08606"
            },
            "dist": {
                "type": "zip",
                "url": "https://api.github.com/repos/jankx/site-layout/zipball/52f67effd6a7e16e95242df8c99b16b554e08606",
                "reference": "52f67effd6a7e16e95242df8c99b16b554e08606",
                "shasum": ""
            },
            "require": {
                "jankx/core": "dev-master"
            },
            "type": "library",
            "autoload": {
                "psr-4": {
                    "Jankx\\SiteLayout\\": "src/"
                }
            },
            "notification-url": "https://packagist.org/downloads/",
            "license": [
                "MIT"
            ],
            "authors": [
                {
                    "name": "Puleeno Nguyen",
                    "email": "puleeno@gmail.com"
                }
            ],
            "description": "The best way to create multi site layouts and management layouts",
            "time": "2020-03-17T00:37:03+00:00"
        },
        {
            "name": "jankx/template",
            "version": "dev-master",
            "source": {
                "type": "git",
                "url": "https://github.com/jankx/template.git",
                "reference": "92d75c2099d3d62f5bc911f313e98ff345b768b2"
            },
            "dist": {
                "type": "zip",
                "url": "https://api.github.com/repos/jankx/template/zipball/92d75c2099d3d62f5bc911f313e98ff345b768b2",
                "reference": "92d75c2099d3d62f5bc911f313e98ff345b768b2",
                "shasum": ""
            },
            "require": {
                "jankx/asset": "dev-master",
                "jankx/template-engine": "dev-master",
                "jankx/ui-framework": "dev-master"
            },
            "type": "library",
            "autoload": {
                "psr-4": {
                    "Jankx\\Template\\": "src/"
                }
            },
            "notification-url": "https://packagist.org/downloads/",
            "license": [
                "MIT"
            ],
            "authors": [
                {
                    "name": "Puleeno Nguyen",
                    "email": "puleeno@gmail.com"
                }
            ],
            "description": "Jankx template manager usable to load template with support override, caching",
            "time": "2020-04-14T16:23:58+00:00"
        },
        {
            "name": "jankx/template-engine",
            "version": "dev-master",
            "source": {
                "type": "git",
                "url": "https://github.com/jankx/template-engine.git",
                "reference": "cfd235ed3cfb6787ac9f3ef1693d2ec566bfff91"
            },
            "dist": {
                "type": "zip",
                "url": "https://api.github.com/repos/jankx/template-engine/zipball/cfd235ed3cfb6787ac9f3ef1693d2ec566bfff91",
                "reference": "cfd235ed3cfb6787ac9f3ef1693d2ec566bfff91",
                "shasum": ""
            },
            "require": {
                "jankx/helpers": "dev-master"
            },
            "type": "library",
            "autoload": {
                "psr-4": {
                    "Jankx\\Template\\Engine\\": "src/"
                }
            },
            "notification-url": "https://packagist.org/downloads/",
            "license": [
                "MIT"
            ],
            "authors": [
                {
                    "name": "Puleeno Nguyen",
                    "email": "puleeno@gmail.com"
                }
            ],
            "description": "The template engine for Jankx Framework",
            "time": "2020-04-14T00:58:03+00:00"
        },
        {
            "name": "jankx/ui-framework",
            "version": "dev-master",
            "source": {
                "type": "git",
                "url": "https://github.com/jankx/ui-framework.git",
                "reference": "4bba63be1b9afcd06d386e4ee5bb5fae81af77d9"
            },
            "dist": {
                "type": "zip",
                "url": "https://api.github.com/repos/jankx/ui-framework/zipball/4bba63be1b9afcd06d386e4ee5bb5fae81af77d9",
                "reference": "4bba63be1b9afcd06d386e4ee5bb5fae81af77d9",
                "shasum": ""
            },
            "require": {
                "jankx/template-engine": "dev-master"
            },
            "type": "library",
            "autoload": {
                "psr-4": {
                    "Jankx\\UI\\": "src/"
                }
            },
            "notification-url": "https://packagist.org/downloads/",
            "license": [
                "MIT"
            ],
            "authors": [
                {
                    "name": "Puleeno Nguyen",
                    "email": "puleeno@gmail.com"
                }
            ],
            "description": "Jankx UI framework integrate with popular CSS frameworks",
            "time": "2020-03-02T00:33:13+00:00"
        },
        {
            "name": "jankx/widget",
            "version": "dev-master",
            "source": {
                "type": "git",
                "url": "https://github.com/jankx/widget.git",
                "reference": "7e80d7988054cb30b75d4eb635686c65199315d7"
            },
            "dist": {
                "type": "zip",
                "url": "https://api.github.com/repos/jankx/widget/zipball/7e80d7988054cb30b75d4eb635686c65199315d7",
                "reference": "7e80d7988054cb30b75d4eb635686c65199315d7",
                "shasum": ""
            },
            "require": {
                "jankx/core": "dev-master"
            },
            "type": "library",
            "autoload": {
                "psr-4": {
                    "Jankx\\Widget\\": "src/"
                }
            },
            "notification-url": "https://packagist.org/downloads/",
            "license": [
                "MIT"
            ],
            "authors": [
                {
                    "name": "Puleeno Nguyen",
                    "email": "puleeno@gmail.com"
                }
            ],
            "description": "Common widgets are developed specifically for Jankx theme framework",
            "time": "2019-07-15T06:19:33+00:00"
        }
    ],
    "packages-dev": [],
    "aliases": [],
    "minimum-stability": "dev",
    "stability-flags": {
        "jankx/command": 20,
        "jankx/core": 20,
        "jankx/pagination": 20,
        "jankx/post-layout": 20,
        "jankx/site-layout": 20,
        "jankx/widget": 20
    },
    "prefer-stable": true,
    "prefer-lowest": false,
    "platform": [],
    "platform-dev": [],
    "plugin-api-version": "1.1.0"
}
