{
    "_readme": [
        "This file locks the dependencies of your project to a known state",
        "Read more about it at https://getcomposer.org/doc/01-basic-usage.md#installing-dependencies",
        "This file is @generated automatically"
    ],
    "content-hash": "1ade034a73ff84cc95c178ff5b43f147",
    "packages": [
        {
            "name": "jankx/admin",
            "version": "dev-master",
            "source": {
                "type": "git",
                "url": "https://github.com/jankx/admin.git",
                "reference": "7eff8e4fd8ff2ed3d87535a680250e8a0ac08d20"
            },
            "dist": {
                "type": "zip",
                "url": "https://api.github.com/repos/jankx/admin/zipball/7eff8e4fd8ff2ed3d87535a680250e8a0ac08d20",
                "reference": "7eff8e4fd8ff2ed3d87535a680250e8a0ac08d20",
                "shasum": ""
            },
            "type": "library",
            "autoload": {
                "psr-4": {
                    "Jankx\\Admin\\": "src/"
                }
            },
            "notification-url": "https://packagist.org/downloads/",
            "license": [
                "MIT"
            ],
            "authors": [
                {
                    "name": "Puleeno Nguyen",
                    "email": "puleeno@gmail.com"
                }
            ],
            "description": "The Jankx admin framework is a partial of Jankx theme framework",
            "time": "2019-08-17T04:31:36+00:00"
        },
        {
            "name": "jankx/asset",
            "version": "dev-master",
            "source": {
                "type": "git",
                "url": "https://github.com/jankx/asset.git",
                "reference": "d3e733506805cb5d6bedd568ab8070a34d9d315c"
            },
            "dist": {
                "type": "zip",
                "url": "https://api.github.com/repos/jankx/asset/zipball/d3e733506805cb5d6bedd568ab8070a34d9d315c",
                "reference": "d3e733506805cb5d6bedd568ab8070a34d9d315c",
                "shasum": ""
            },
            "type": "library",
            "autoload": {
                "psr-4": {
                    "Jankx\\Asset\\": "src/"
                }
            },
            "notification-url": "https://packagist.org/downloads/",
            "license": [
                "MIT"
            ],
            "authors": [
                {
                    "name": "Puleeno Nguyen",
                    "email": "puleeno@gmail.com"
                }
            ],
            "description": "Jankx Assets is used to manage CSS, JS, libraries with beautiful syntax",
            "time": "2020-02-24T15:27:18+00:00"
        },
        {
            "name": "jankx/command",
            "version": "dev-master",
            "source": {
                "type": "git",
                "url": "https://github.com/jankx/command.git",
                "reference": "43683f035a609e3379e0c548360d5476bf345f22"
            },
            "dist": {
                "type": "zip",
                "url": "https://api.github.com/repos/jankx/command/zipball/43683f035a609e3379e0c548360d5476bf345f22",
                "reference": "43683f035a609e3379e0c548360d5476bf345f22",
                "shasum": ""
            },
            "type": "library",
            "autoload": {
                "psr-4": {
                    "Jankx\\Command\\": "src/"
                }
            },
            "notification-url": "https://packagist.org/downloads/",
            "license": [
                "MIT"
            ],
            "authors": [
                {
                    "name": "Puleeno Nguyen",
                    "email": "puleeno@gmail.com"
                }
            ],
            "description": "You love WP CLI and usually use it to manage WordPress. So you will love Jankx CLI for WP CLI too",
            "time": "2019-10-18T13:51:25+00:00"
        },
        {
            "name": "jankx/core",
            "version": "dev-master",
            "source": {
                "type": "git",
                "url": "https://github.com/jankx/core.git",
                "reference": "c609d825440d43ad0299d0cdb06861ca5da4bfd9"
            },
            "dist": {
                "type": "zip",
                "url": "https://api.github.com/repos/jankx/core/zipball/c609d825440d43ad0299d0cdb06861ca5da4bfd9",
                "reference": "c609d825440d43ad0299d0cdb06861ca5da4bfd9",
                "shasum": ""
            },
            "require": {
                "jankx/admin": "dev-master",
                "jankx/asset": "dev-master",
                "jankx/data-type": "dev-master",
                "jankx/field": "dev-master",
                "jankx/helpers": "dev-master",
                "jankx/human-number": "dev-master",
                "jankx/option": "dev-master",
                "jankx/template": "dev-master",
                "jankx/ui-framework": "dev-master"
            },
            "type": "library",
            "autoload": {
                "psr-4": {
                    "": "src/"
                },
                "files": [
                    "framework.php"
                ]
            },
            "notification-url": "https://packagist.org/downloads/",
            "license": [
                "MIT"
            ],
            "authors": [
                {
                    "name": "Puleeno Nguyen",
                    "email": "puleeno@gmail.com"
                }
            ],
            "description": "This is the core of Jankx theme framework and is also usable on its own as embed framework",
            "time": "2020-02-26T15:32:47+00:00"
        },
        {
            "name": "jankx/data-type",
            "version": "dev-master",
            "source": {
                "type": "git",
                "url": "https://github.com/jankx/data-type.git",
                "reference": "6f7e12b203e73860bb25ae5fb0ad9fb94a8bc66d"
            },
            "dist": {
                "type": "zip",
                "url": "https://api.github.com/repos/jankx/data-type/zipball/6f7e12b203e73860bb25ae5fb0ad9fb94a8bc66d",
                "reference": "6f7e12b203e73860bb25ae5fb0ad9fb94a8bc66d",
                "shasum": ""
            },
            "require": {
                "jankx/field": "dev-master"
            },
            "type": "library",
            "autoload": {
                "psr-4": {
                    "Jankx\\DataType\\": "src/"
                }
            },
            "notification-url": "https://packagist.org/downloads/",
            "license": [
                "MIT"
            ],
            "authors": [
                {
                    "name": "Puleeno Nguyen",
                    "email": "puleeno@gmail.com"
                }
            ],
            "description": "WordPress data types such as: custom post type, taxonoxy, metas,etc",
            "time": "2019-07-15T04:58:51+00:00"
        },
        {
            "name": "jankx/field",
            "version": "dev-master",
            "source": {
                "type": "git",
                "url": "https://github.com/jankx/field.git",
                "reference": "0028ad5b271f7e1b0fa7bd7251a4efde92c6a936"
            },
            "dist": {
                "type": "zip",
                "url": "https://api.github.com/repos/jankx/field/zipball/0028ad5b271f7e1b0fa7bd7251a4efde92c6a936",
                "reference": "0028ad5b271f7e1b0fa7bd7251a4efde92c6a936",
                "shasum": ""
            },
            "type": "library",
            "autoload": {
                "psr-4": {
                    "Jankx\\Fields\\": "src/"
                }
            },
            "notification-url": "https://packagist.org/downloads/",
            "license": [
                "MIT"
            ],
            "authors": [
                {
                    "name": "Puleeno Nguyen",
                    "email": "puleeno@gmail.com"
                }
            ],
            "description": "Jankx Fields is a simple framework used to create meta box, settings, form, etc",
            "time": "2019-07-15T04:42:51+00:00"
        },
        {
            "name": "jankx/helpers",
            "version": "dev-master",
            "source": {
                "type": "git",
                "url": "https://github.com/jankx/helpers.git",
                "reference": "9a0c99891f349eda61911bd75506ceb58f5c4f8d"
            },
            "dist": {
                "type": "zip",
                "url": "https://api.github.com/repos/jankx/helpers/zipball/9a0c99891f349eda61911bd75506ceb58f5c4f8d",
                "reference": "9a0c99891f349eda61911bd75506ceb58f5c4f8d",
                "shasum": ""
            },
            "type": "library",
            "autoload": {
                "files": [
                    "src/helpers.php"
                ]
            },
            "notification-url": "https://packagist.org/downloads/",
            "license": [
                "MIT"
            ],
            "authors": [
                {
                    "name": "Puleeno Nguyen",
                    "email": "puleeno@gmail.com"
                }
            ],
            "description": "The helpers for Jankx Framework",
            "time": "2020-02-26T13:38:51+00:00"
        },
        {
            "name": "jankx/human-number",
            "version": "dev-master",
            "source": {
                "type": "git",
                "url": "https://github.com/jankx/human-number.git",
                "reference": "9ea36f817f2c4c10a088a74a48ce31b2cda5bca7"
            },
            "dist": {
                "type": "zip",
                "url": "https://api.github.com/repos/jankx/human-number/zipball/9ea36f817f2c4c10a088a74a48ce31b2cda5bca7",
                "reference": "9ea36f817f2c4c10a088a74a48ce31b2cda5bca7",
                "shasum": ""
            },
            "type": "library",
            "autoload": {
                "psr-4": {
                    "Jankx\\HumanNumber\\": "src/"
                },
                "files": [
                    "helpers.php"
                ]
            },
            "notification-url": "https://packagist.org/downloads/",
            "license": [
                "MIT"
            ],
            "authors": [
                {
                    "name": "Puleeno Nguyen",
                    "email": "puleeno@gmail.com"
                }
            ],
            "description": "Friendly number for human can read easiler.",
            "time": "2019-10-25T18:15:32+00:00"
        },
        {
            "name": "jankx/option",
            "version": "dev-master",
            "source": {
                "type": "git",
                "url": "https://github.com/jankx/option.git",
                "reference": "35772d23a6acede520260d86bbb6e6c726dfe7e2"
            },
            "dist": {
                "type": "zip",
                "url": "https://api.github.com/repos/jankx/option/zipball/35772d23a6acede520260d86bbb6e6c726dfe7e2",
                "reference": "35772d23a6acede520260d86bbb6e6c726dfe7e2",
                "shasum": ""
            },
            "type": "library",
            "autoload": {
                "psr-4": {
                    "Jankx\\Option\\": "src/"
                }
            },
            "notification-url": "https://packagist.org/downloads/",
            "license": [
                "MIT"
            ],
            "authors": [
                {
                    "name": "Puleeno Nguyen",
                    "email": "puleeno@gmail.com"
                }
            ],
            "description": "Jankx options usable to create the theme, add-on options integrate with your loved option frameworks",
            "time": "2019-10-26T03:24:13+00:00"
        },
        {
            "name": "jankx/pagination",
            "version": "dev-master",
            "source": {
                "type": "git",
                "url": "https://github.com/jankx/pagination.git",
                "reference": "4cdc6e4fe3d5de6c70867b38c44ea1589b80ed49"
            },
            "dist": {
                "type": "zip",
                "url": "https://api.github.com/repos/jankx/pagination/zipball/4cdc6e4fe3d5de6c70867b38c44ea1589b80ed49",
                "reference": "4cdc6e4fe3d5de6c70867b38c44ea1589b80ed49",
                "shasum": ""
            },
            "type": "library",
            "autoload": {
                "psr-4": {
                    "Jankx\\Pagination\\": "src/"
                }
            },
            "notification-url": "https://packagist.org/downloads/",
            "license": [
                "MIT"
            ],
            "authors": [
                {
                    "name": "Puleeno Nguyen",
                    "email": "puleeno@gmail.com"
                }
            ],
            "description": "The WordPress pagination support multi styles: number, infinite loop, load more",
            "time": "2019-12-28T11:18:59+00:00"
        },
        {
            "name": "jankx/post-layout",
            "version": "dev-master",
            "source": {
                "type": "git",
                "url": "https://github.com/jankx/post-layout.git",
                "reference": "99983e3c05183eab7c096218afa3a14c2ef01394"
            },
            "dist": {
                "type": "zip",
                "url": "https://api.github.com/repos/jankx/post-layout/zipball/99983e3c05183eab7c096218afa3a14c2ef01394",
                "reference": "99983e3c05183eab7c096218afa3a14c2ef01394",
                "shasum": ""
            },
            "require": {
                "jankx/template": "dev-master"
            },
            "type": "library",
            "autoload": {
                "psr-4": {
                    "Jankx\\PostLayout\\": "src/"
                }
            },
            "notification-url": "https://packagist.org/downloads/",
            "license": [
                "MIT"
            ],
            "authors": [
                {
                    "name": "Puleeno Nguyen",
                    "email": "puleeno@gmail.com"
                }
            ],
            "description": "WordPress post and custom post type layout generator",
            "time": "2020-02-25T15:30:03+00:00"
        },
        {
            "name": "jankx/site-layout",
            "version": "dev-master",
            "source": {
                "type": "git",
                "url": "https://github.com/jankx/site-layout.git",
                "reference": "1a1a5b3e05aa83c4dc1aec17d427bbfa4e14d3b7"
            },
            "dist": {
                "type": "zip",
                "url": "https://api.github.com/repos/jankx/site-layout/zipball/1a1a5b3e05aa83c4dc1aec17d427bbfa4e14d3b7",
                "reference": "1a1a5b3e05aa83c4dc1aec17d427bbfa4e14d3b7",
                "shasum": ""
            },
            "require": {
                "jankx/core": "dev-master"
            },
            "type": "library",
            "autoload": {
                "psr-4": {
                    "Jankx\\SiteLayout\\": "src/"
                }
            },
            "notification-url": "https://packagist.org/downloads/",
            "license": [
                "MIT"
            ],
            "authors": [
                {
                    "name": "Puleeno Nguyen",
                    "email": "puleeno@gmail.com"
                }
            ],
            "description": "The best way to create multi site layouts and management layouts",
            "time": "2020-02-26T00:01:05+00:00"
        },
        {
            "name": "jankx/template",
            "version": "dev-master",
            "source": {
                "type": "git",
                "url": "https://github.com/jankx/template.git",
                "reference": "2184538469286b93747134a43673602973e970e6"
            },
            "dist": {
                "type": "zip",
                "url": "https://api.github.com/repos/jankx/template/zipball/2184538469286b93747134a43673602973e970e6",
                "reference": "2184538469286b93747134a43673602973e970e6",
                "shasum": ""
            },
            "require": {
                "jankx/asset": "dev-master",
                "jankx/ui-framework": "dev-master"
            },
            "type": "library",
            "autoload": {
                "psr-4": {
                    "Jankx\\Template\\": "src/"
                }
            },
            "notification-url": "https://packagist.org/downloads/",
            "license": [
                "MIT"
            ],
            "authors": [
                {
                    "name": "Puleeno Nguyen",
                    "email": "puleeno@gmail.com"
                }
            ],
            "description": "Jankx template manager usable to load template with support override, caching",
            "time": "2020-02-26T23:52:40+00:00"
        },
        {
            "name": "jankx/template-engine",
            "version": "dev-master",
            "source": {
                "type": "git",
                "url": "https://github.com/jankx/template-engine.git",
                "reference": "efbdf3bd1fe16ba5e49feb1527e0ff8477f90804"
            },
            "dist": {
                "type": "zip",
                "url": "https://api.github.com/repos/jankx/template-engine/zipball/efbdf3bd1fe16ba5e49feb1527e0ff8477f90804",
                "reference": "efbdf3bd1fe16ba5e49feb1527e0ff8477f90804",
                "shasum": ""
            },
            "type": "library",
            "autoload": {
                "psr-4": {
                    "Jankx\\Template\\Engine\\": "src/"
                }
            },
            "notification-url": "https://packagist.org/downloads/",
            "license": [
                "MIT"
            ],
            "authors": [
                {
                    "name": "Puleeno Nguyen",
                    "email": "puleeno@gmail.com"
                }
            ],
            "description": "The template engine for Jankx Framework",
            "time": "2020-02-28T14:49:57+00:00"
        },
        {
            "name": "jankx/ui-framework",
            "version": "dev-master",
            "source": {
                "type": "git",
                "url": "https://github.com/jankx/ui-framework.git",
                "reference": "18a3d84ad787cf51d78af8eb1fffc60042ff24ec"
            },
            "dist": {
                "type": "zip",
                "url": "https://api.github.com/repos/jankx/ui-framework/zipball/18a3d84ad787cf51d78af8eb1fffc60042ff24ec",
                "reference": "18a3d84ad787cf51d78af8eb1fffc60042ff24ec",
                "shasum": ""
            },
            "require": {
                "jankx/template-engine": "dev-master"
            },
            "type": "library",
            "autoload": {
                "psr-4": {
                    "Jankx\\UI\\": "src/"
                }
            },
            "notification-url": "https://packagist.org/downloads/",
            "license": [
                "MIT"
            ],
            "authors": [
                {
                    "name": "Puleeno Nguyen",
                    "email": "puleeno@gmail.com"
                }
            ],
            "description": "Jankx UI framework integrate with popular CSS frameworks",
            "time": "2020-02-26T23:51:55+00:00"
        },
        {
            "name": "jankx/widget",
            "version": "dev-master",
            "source": {
                "type": "git",
                "url": "https://github.com/jankx/widget.git",
                "reference": "7e80d7988054cb30b75d4eb635686c65199315d7"
            },
            "dist": {
                "type": "zip",
                "url": "https://api.github.com/repos/jankx/widget/zipball/7e80d7988054cb30b75d4eb635686c65199315d7",
                "reference": "7e80d7988054cb30b75d4eb635686c65199315d7",
                "shasum": ""
            },
            "require": {
                "jankx/core": "dev-master"
            },
            "type": "library",
            "autoload": {
                "psr-4": {
                    "Jankx\\Widget\\": "src/"
                }
            },
            "notification-url": "https://packagist.org/downloads/",
            "license": [
                "MIT"
            ],
            "authors": [
                {
                    "name": "Puleeno Nguyen",
                    "email": "puleeno@gmail.com"
                }
            ],
            "description": "Common widgets are developed specifically for Jankx theme framework",
            "time": "2019-07-15T06:19:33+00:00"
        },
        {
            "name": "ramphor/updater",
            "version": "dev-master",
            "source": {
                "type": "git",
                "url": "https://github.com/ramphor/updater.git",
                "reference": "de0cc9ab6ea37b214534210c2de0164b3c32113f"
            },
            "dist": {
                "type": "zip",
                "url": "https://api.github.com/repos/ramphor/updater/zipball/de0cc9ab6ea37b214534210c2de0164b3c32113f",
                "reference": "de0cc9ab6ea37b214534210c2de0164b3c32113f",
                "shasum": ""
            },
            "type": "library",
            "autoload": {
                "psr-4": {
                    "Ramphor\\Updater\\": "src/"
                }
            },
            "notification-url": "https://packagist.org/downloads/",
            "license": [
                "MIT"
            ],
            "authors": [
                {
                    "name": "Ramphor Premium",
                    "email": "puleeno@gmail.com"
                }
            ],
            "description": "The embeded updater for themes, plugins in WordPress",
            "time": "2019-10-17T04:58:49+00:00"
        },
        {
            "name": "symfony/polyfill-ctype",
            "version": "v1.14.0",
            "source": {
                "type": "git",
                "url": "https://github.com/symfony/polyfill-ctype.git",
                "reference": "fbdeaec0df06cf3d51c93de80c7eb76e271f5a38"
            },
            "dist": {
                "type": "zip",
                "url": "https://api.github.com/repos/symfony/polyfill-ctype/zipball/fbdeaec0df06cf3d51c93de80c7eb76e271f5a38",
                "reference": "fbdeaec0df06cf3d51c93de80c7eb76e271f5a38",
                "shasum": ""
            },
            "require": {
                "php": ">=5.3.3"
            },
            "suggest": {
                "ext-ctype": "For best performance"
            },
            "type": "library",
            "extra": {
                "branch-alias": {
                    "dev-master": "1.14-dev"
                }
            },
            "autoload": {
                "psr-4": {
                    "Symfony\\Polyfill\\Ctype\\": ""
                },
                "files": [
                    "bootstrap.php"
                ]
            },
            "notification-url": "https://packagist.org/downloads/",
            "license": [
                "MIT"
            ],
            "authors": [
                {
                    "name": "Gert de Pagter",
                    "email": "BackEndTea@gmail.com"
                },
                {
                    "name": "Symfony Community",
                    "homepage": "https://symfony.com/contributors"
                }
            ],
            "description": "Symfony polyfill for ctype functions",
            "homepage": "https://symfony.com",
            "keywords": [
                "compatibility",
                "ctype",
                "polyfill",
                "portable"
            ],
            "time": "2020-01-13T11:15:53+00:00"
        },
        {
            "name": "symfony/yaml",
            "version": "v4.3.5",
            "source": {
                "type": "git",
                "url": "https://github.com/symfony/yaml.git",
                "reference": "41e16350a2a1c7383c4735aa2f9fce74cf3d1178"
            },
            "dist": {
                "type": "zip",
                "url": "https://api.github.com/repos/symfony/yaml/zipball/41e16350a2a1c7383c4735aa2f9fce74cf3d1178",
                "reference": "41e16350a2a1c7383c4735aa2f9fce74cf3d1178",
                "shasum": ""
            },
            "require": {
                "php": "^7.1.3",
                "symfony/polyfill-ctype": "~1.8"
            },
            "conflict": {
                "symfony/console": "<3.4"
            },
            "require-dev": {
                "symfony/console": "~3.4|~4.0"
            },
            "suggest": {
                "symfony/console": "For validating YAML files using the lint command"
            },
            "type": "library",
            "extra": {
                "branch-alias": {
                    "dev-master": "4.3-dev"
                }
            },
            "autoload": {
                "psr-4": {
                    "Symfony\\Component\\Yaml\\": ""
                },
                "exclude-from-classmap": [
                    "/Tests/"
                ]
            },
            "notification-url": "https://packagist.org/downloads/",
            "license": [
                "MIT"
            ],
            "authors": [
                {
                    "name": "Fabien Potencier",
                    "email": "fabien@symfony.com"
                },
                {
                    "name": "Symfony Community",
                    "homepage": "https://symfony.com/contributors"
                }
            ],
            "description": "Symfony Yaml Component",
            "homepage": "https://symfony.com",
            "time": "2019-09-11T15:41:19+00:00"
        }
    ],
    "packages-dev": [],
    "aliases": [],
    "minimum-stability": "dev",
    "stability-flags": {
        "jankx/command": 20,
        "jankx/core": 20,
        "jankx/pagination": 20,
        "jankx/post-layout": 20,
        "jankx/site-layout": 20,
        "jankx/widget": 20,
        "ramphor/updater": 20
    },
    "prefer-stable": true,
    "prefer-lowest": false,
    "platform": [],
    "platform-dev": []
}
